// !$*UTF8*$!
{
	archiveVersion = 1;
	classes = {
	};
	objectVersion = 55;
	objects = {

/* Begin PBXBuildFile section */
		29E4A9ED97715CA5A214C9FE /* Pods_chatMe.framework in Frameworks */ = {isa = PBXBuildFile; fileRef = 1BA98F06558068109FCC4755 /* Pods_chatMe.framework */; };
		7059CB3D286F3140003FC4F0 /* AppDelegate.swift in Sources */ = {isa = PBXBuildFile; fileRef = 7059CB3C286F3140003FC4F0 /* AppDelegate.swift */; };
		7059CB3F286F3140003FC4F0 /* SceneDelegate.swift in Sources */ = {isa = PBXBuildFile; fileRef = 7059CB3E286F3140003FC4F0 /* SceneDelegate.swift */; };
		7059CB41286F3140003FC4F0 /* WelcomeViewController.swift in Sources */ = {isa = PBXBuildFile; fileRef = 7059CB40286F3140003FC4F0 /* WelcomeViewController.swift */; };
		7059CB44286F3140003FC4F0 /* Main.storyboard in Resources */ = {isa = PBXBuildFile; fileRef = 7059CB42286F3140003FC4F0 /* Main.storyboard */; };
		7059CB46286F3141003FC4F0 /* Assets.xcassets in Resources */ = {isa = PBXBuildFile; fileRef = 7059CB45286F3141003FC4F0 /* Assets.xcassets */; };
		7059CB49286F3141003FC4F0 /* LaunchScreen.storyboard in Resources */ = {isa = PBXBuildFile; fileRef = 7059CB47286F3141003FC4F0 /* LaunchScreen.storyboard */; };
		7059CB51286F31DE003FC4F0 /* RegisterViewController.swift in Sources */ = {isa = PBXBuildFile; fileRef = 7059CB50286F31DE003FC4F0 /* RegisterViewController.swift */; };
		7059CB53286F31FB003FC4F0 /* LoginViewController.swift in Sources */ = {isa = PBXBuildFile; fileRef = 7059CB52286F31FB003FC4F0 /* LoginViewController.swift */; };
		7059CB55286F320E003FC4F0 /* ChatViewController.swift in Sources */ = {isa = PBXBuildFile; fileRef = 7059CB54286F320E003FC4F0 /* ChatViewController.swift */; };
		7085D5382870E72400292BA7 /* Constants.swift in Sources */ = {isa = PBXBuildFile; fileRef = 7085D5372870E72400292BA7 /* Constants.swift */; };
		7085D53A2870EC6300292BA7 /* Message.swift in Sources */ = {isa = PBXBuildFile; fileRef = 7085D5392870EC6300292BA7 /* Message.swift */; };
		7085D53D2870F53300292BA7 /* MessageCell.swift in Sources */ = {isa = PBXBuildFile; fileRef = 7085D53B2870F53300292BA7 /* MessageCell.swift */; };
		7085D53E2870F53400292BA7 /* MessageCell.xib in Resources */ = {isa = PBXBuildFile; fileRef = 7085D53C2870F53300292BA7 /* MessageCell.xib */; };
		70BE05B32870667600A560F2 /* GoogleService-Info.plist in Resources */ = {isa = PBXBuildFile; fileRef = 70BE05B22870667600A560F2 /* GoogleService-Info.plist */; };
/* End PBXBuildFile section */

/* Begin PBXFileReference section */
		1BA98F06558068109FCC4755 /* Pods_chatMe.framework */ = {isa = PBXFileReference; explicitFileType = wrapper.framework; includeInIndex = 0; path = Pods_chatMe.framework; sourceTree = BUILT_PRODUCTS_DIR; };
		20D4C77BF7921AF964780E2E /* Pods-chatMe.debug.xcconfig */ = {isa = PBXFileReference; includeInIndex = 1; lastKnownFileType = text.xcconfig; name = "Pods-chatMe.debug.xcconfig"; path = "Target Support Files/Pods-chatMe/Pods-chatMe.debug.xcconfig"; sourceTree = "<group>"; };
		7059CB39286F3140003FC4F0 /* chatMe.app */ = {isa = PBXFileReference; explicitFileType = wrapper.application; includeInIndex = 0; path = chatMe.app; sourceTree = BUILT_PRODUCTS_DIR; };
		7059CB3C286F3140003FC4F0 /* AppDelegate.swift */ = {isa = PBXFileReference; lastKnownFileType = sourcecode.swift; path = AppDelegate.swift; sourceTree = "<group>"; };
		7059CB3E286F3140003FC4F0 /* SceneDelegate.swift */ = {isa = PBXFileReference; lastKnownFileType = sourcecode.swift; path = SceneDelegate.swift; sourceTree = "<group>"; };
		7059CB40286F3140003FC4F0 /* WelcomeViewController.swift */ = {isa = PBXFileReference; lastKnownFileType = sourcecode.swift; path = WelcomeViewController.swift; sourceTree = "<group>"; };
		7059CB43286F3140003FC4F0 /* Base */ = {isa = PBXFileReference; lastKnownFileType = file.storyboard; name = Base; path = Base.lproj/Main.storyboard; sourceTree = "<group>"; };
		7059CB45286F3141003FC4F0 /* Assets.xcassets */ = {isa = PBXFileReference; lastKnownFileType = folder.assetcatalog; path = Assets.xcassets; sourceTree = "<group>"; };
		7059CB48286F3141003FC4F0 /* Base */ = {isa = PBXFileReference; lastKnownFileType = file.storyboard; name = Base; path = Base.lproj/LaunchScreen.storyboard; sourceTree = "<group>"; };
		7059CB4A286F3141003FC4F0 /* Info.plist */ = {isa = PBXFileReference; lastKnownFileType = text.plist.xml; path = Info.plist; sourceTree = "<group>"; };
		7059CB50286F31DE003FC4F0 /* RegisterViewController.swift */ = {isa = PBXFileReference; lastKnownFileType = sourcecode.swift; path = RegisterViewController.swift; sourceTree = "<group>"; };
		7059CB52286F31FB003FC4F0 /* LoginViewController.swift */ = {isa = PBXFileReference; lastKnownFileType = sourcecode.swift; path = LoginViewController.swift; sourceTree = "<group>"; };
		7059CB54286F320E003FC4F0 /* ChatViewController.swift */ = {isa = PBXFileReference; lastKnownFileType = sourcecode.swift; path = ChatViewController.swift; sourceTree = "<group>"; };
		7085D5372870E72400292BA7 /* Constants.swift */ = {isa = PBXFileReference; lastKnownFileType = sourcecode.swift; path = Constants.swift; sourceTree = "<group>"; };
		7085D5392870EC6300292BA7 /* Message.swift */ = {isa = PBXFileReference; lastKnownFileType = sourcecode.swift; path = Message.swift; sourceTree = "<group>"; };
		7085D53B2870F53300292BA7 /* MessageCell.swift */ = {isa = PBXFileReference; lastKnownFileType = sourcecode.swift; path = MessageCell.swift; sourceTree = "<group>"; };
		7085D53C2870F53300292BA7 /* MessageCell.xib */ = {isa = PBXFileReference; lastKnownFileType = file.xib; path = MessageCell.xib; sourceTree = "<group>"; };
		70BE05B22870667600A560F2 /* GoogleService-Info.plist */ = {isa = PBXFileReference; fileEncoding = 4; lastKnownFileType = text.plist.xml; path = "GoogleService-Info.plist"; sourceTree = "<group>"; };
		DE06D03C16D6D7A97BB2ADDD /* Pods-chatMe.release.xcconfig */ = {isa = PBXFileReference; includeInIndex = 1; lastKnownFileType = text.xcconfig; name = "Pods-chatMe.release.xcconfig"; path = "Target Support Files/Pods-chatMe/Pods-chatMe.release.xcconfig"; sourceTree = "<group>"; };
/* End PBXFileReference section */

/* Begin PBXFrameworksBuildPhase section */
		7059CB36286F3140003FC4F0 /* Frameworks */ = {
			isa = PBXFrameworksBuildPhase;
			buildActionMask = 2147483647;
			files = (
				29E4A9ED97715CA5A214C9FE /* Pods_chatMe.framework in Frameworks */,
			);
			runOnlyForDeploymentPostprocessing = 0;
		};
/* End PBXFrameworksBuildPhase section */

/* Begin PBXGroup section */
		6C63444CAA6C5D408038B760 /* Frameworks */ = {
			isa = PBXGroup;
			children = (
				1BA98F06558068109FCC4755 /* Pods_chatMe.framework */,
			);
			name = Frameworks;
			sourceTree = "<group>";
		};
		7059CB30286F3140003FC4F0 = {
			isa = PBXGroup;
			children = (
				7059CB3B286F3140003FC4F0 /* chatMe */,
				7059CB3A286F3140003FC4F0 /* Products */,
				93BFFD1686D178F9502CEC5B /* Pods */,
				6C63444CAA6C5D408038B760 /* Frameworks */,
			);
			sourceTree = "<group>";
		};
		7059CB3A286F3140003FC4F0 /* Products */ = {
			isa = PBXGroup;
			children = (
				7059CB39286F3140003FC4F0 /* chatMe.app */,
			);
			name = Products;
			sourceTree = "<group>";
		};
		7059CB3B286F3140003FC4F0 /* chatMe */ = {
			isa = PBXGroup;
			children = (
				7059CB3C286F3140003FC4F0 /* AppDelegate.swift */,
				7059CB3E286F3140003FC4F0 /* SceneDelegate.swift */,
				7059CB40286F3140003FC4F0 /* WelcomeViewController.swift */,
				7059CB50286F31DE003FC4F0 /* RegisterViewController.swift */,
				7059CB52286F31FB003FC4F0 /* LoginViewController.swift */,
				7059CB54286F320E003FC4F0 /* ChatViewController.swift */,
				7085D53B2870F53300292BA7 /* MessageCell.swift */,
				7085D53C2870F53300292BA7 /* MessageCell.xib */,
				7085D5392870EC6300292BA7 /* Message.swift */,
				7085D5372870E72400292BA7 /* Constants.swift */,
				7059CB42286F3140003FC4F0 /* Main.storyboard */,
				7059CB45286F3141003FC4F0 /* Assets.xcassets */,
				7059CB47286F3141003FC4F0 /* LaunchScreen.storyboard */,
				7059CB4A286F3141003FC4F0 /* Info.plist */,
				70BE05B22870667600A560F2 /* GoogleService-Info.plist */,
			);
			path = chatMe;
			sourceTree = "<group>";
		};
		93BFFD1686D178F9502CEC5B /* Pods */ = {
			isa = PBXGroup;
			children = (
				20D4C77BF7921AF964780E2E /* Pods-chatMe.debug.xcconfig */,
				DE06D03C16D6D7A97BB2ADDD /* Pods-chatMe.release.xcconfig */,
			);
			path = Pods;
			sourceTree = "<group>";
		};
/* End PBXGroup section */

/* Begin PBXNativeTarget section */
		7059CB38286F3140003FC4F0 /* chatMe */ = {
			isa = PBXNativeTarget;
			buildConfigurationList = 7059CB4D286F3141003FC4F0 /* Build configuration list for PBXNativeTarget "chatMe" */;
			buildPhases = (
				0AC2C1CCBACE51962813B1A4 /* [CP] Check Pods Manifest.lock */,
				7059CB35286F3140003FC4F0 /* Sources */,
				7059CB36286F3140003FC4F0 /* Frameworks */,
				7059CB37286F3140003FC4F0 /* Resources */,
				DB9FF5842E468DD49C98384F /* [CP] Embed Pods Frameworks */,
			);
			buildRules = (
			);
			dependencies = (
			);
			name = chatMe;
			productName = chatMe;
			productReference = 7059CB39286F3140003FC4F0 /* chatMe.app */;
			productType = "com.apple.product-type.application";
		};
/* End PBXNativeTarget section */

/* Begin PBXProject section */
		7059CB31286F3140003FC4F0 /* Project object */ = {
			isa = PBXProject;
			attributes = {
				BuildIndependentTargetsInParallel = 1;
				LastSwiftUpdateCheck = 1330;
				LastUpgradeCheck = 1330;
				TargetAttributes = {
					7059CB38286F3140003FC4F0 = {
						CreatedOnToolsVersion = 13.3.1;
					};
				};
			};
			buildConfigurationList = 7059CB34286F3140003FC4F0 /* Build configuration list for PBXProject "chatMe" */;
			compatibilityVersion = "Xcode 13.0";
			developmentRegion = en;
			hasScannedForEncodings = 0;
			knownRegions = (
				en,
				Base,
			);
			mainGroup = 7059CB30286F3140003FC4F0;
			productRefGroup = 7059CB3A286F3140003FC4F0 /* Products */;
			projectDirPath = "";
			projectRoot = "";
			targets = (
				7059CB38286F3140003FC4F0 /* chatMe */,
			);
		};
/* End PBXProject section */

/* Begin PBXResourcesBuildPhase section */
		7059CB37286F3140003FC4F0 /* Resources */ = {
			isa = PBXResourcesBuildPhase;
			buildActionMask = 2147483647;
			files = (
				7085D53E2870F53400292BA7 /* MessageCell.xib in Resources */,
				7059CB49286F3141003FC4F0 /* LaunchScreen.storyboard in Resources */,
				70BE05B32870667600A560F2 /* GoogleService-Info.plist in Resources */,
				7059CB46286F3141003FC4F0 /* Assets.xcassets in Resources */,
				7059CB44286F3140003FC4F0 /* Main.storyboard in Resources */,
			);
			runOnlyForDeploymentPostprocessing = 0;
		};
/* End PBXResourcesBuildPhase section */

/* Begin PBXShellScriptBuildPhase section */
		0AC2C1CCBACE51962813B1A4 /* [CP] Check Pods Manifest.lock */ = {
			isa = PBXShellScriptBuildPhase;
			buildActionMask = 2147483647;
			files = (
			);
			inputFileListPaths = (
			);
			inputPaths = (
				"${PODS_PODFILE_DIR_PATH}/Podfile.lock",
				"${PODS_ROOT}/Manifest.lock",
			);
			name = "[CP] Check Pods Manifest.lock";
			outputFileListPaths = (
			);
			outputPaths = (
				"$(DERIVED_FILE_DIR)/Pods-chatMe-checkManifestLockResult.txt",
			);
			runOnlyForDeploymentPostprocessing = 0;
			shellPath = /bin/sh;
			shellScript = "diff \"${PODS_PODFILE_DIR_PATH}/Podfile.lock\" \"${PODS_ROOT}/Manifest.lock\" > /dev/null\nif [ $? != 0 ] ; then\n    # print error to STDERR\n    echo \"error: The sandbox is not in sync with the Podfile.lock. Run 'pod install' or update your CocoaPods installation.\" >&2\n    exit 1\nfi\n# This output is used by Xcode 'outputs' to avoid re-running this script phase.\necho \"SUCCESS\" > \"${SCRIPT_OUTPUT_FILE_0}\"\n";
			showEnvVarsInLog = 0;
		};
		DB9FF5842E468DD49C98384F /* [CP] Embed Pods Frameworks */ = {
			isa = PBXShellScriptBuildPhase;
			buildActionMask = 2147483647;
			files = (
			);
			inputFileListPaths = (
				"${PODS_ROOT}/Target Support Files/Pods-chatMe/Pods-chatMe-frameworks-${CONFIGURATION}-input-files.xcfilelist",
			);
			name = "[CP] Embed Pods Frameworks";
			outputFileListPaths = (
				"${PODS_ROOT}/Target Support Files/Pods-chatMe/Pods-chatMe-frameworks-${CONFIGURATION}-output-files.xcfilelist",
			);
			runOnlyForDeploymentPostprocessing = 0;
			shellPath = /bin/sh;
			shellScript = "\"${PODS_ROOT}/Target Support Files/Pods-chatMe/Pods-chatMe-frameworks.sh\"\n";
			showEnvVarsInLog = 0;
		};
/* End PBXShellScriptBuildPhase section */

/* Begin PBXSourcesBuildPhase section */
		7059CB35286F3140003FC4F0 /* Sources */ = {
			isa = PBXSourcesBuildPhase;
			buildActionMask = 2147483647;
			files = (
				7059CB41286F3140003FC4F0 /* WelcomeViewController.swift in Sources */,
				7059CB3D286F3140003FC4F0 /* AppDelegate.swift in Sources */,
				7059CB3F286F3140003FC4F0 /* SceneDelegate.swift in Sources */,
				7059CB53286F31FB003FC4F0 /* LoginViewController.swift in Sources */,
				7085D5382870E72400292BA7 /* Constants.swift in Sources */,
				7085D53A2870EC6300292BA7 /* Message.swift in Sources */,
				7059CB55286F320E003FC4F0 /* ChatViewController.swift in Sources */,
				7059CB51286F31DE003FC4F0 /* RegisterViewController.swift in Sources */,
				7085D53D2870F53300292BA7 /* MessageCell.swift in Sources */,
			);
			runOnlyForDeploymentPostprocessing = 0;
		};
/* End PBXSourcesBuildPhase section */

/* Begin PBXVariantGroup section */
		7059CB42286F3140003FC4F0 /* Main.storyboard */ = {
			isa = PBXVariantGroup;
			children = (
				7059CB43286F3140003FC4F0 /* Base */,
			);
			name = Main.storyboard;
			sourceTree = "<group>";
		};
		7059CB47286F3141003FC4F0 /* LaunchScreen.storyboard */ = {
			isa = PBXVariantGroup;
			children = (
				7059CB48286F3141003FC4F0 /* Base */,
			);
			name = LaunchScreen.storyboard;
			sourceTree = "<group>";
		};
/* End PBXVariantGroup section */

/* Begin XCBuildConfiguration section */
		7059CB4B286F3141003FC4F0 /* Debug */ = {
			isa = XCBuildConfiguration;
			buildSettings = {
				ALWAYS_SEARCH_USER_PATHS = NO;
				CLANG_ANALYZER_NONNULL = YES;
				CLANG_ANALYZER_NUMBER_OBJECT_CONVERSION = YES_AGGRESSIVE;
				CLANG_CXX_LANGUAGE_STANDARD = "gnu++17";
				CLANG_ENABLE_MODULES = YES;
				CLANG_ENABLE_OBJC_ARC = YES;
				CLANG_ENABLE_OBJC_WEAK = YES;
				CLANG_WARN_BLOCK_CAPTURE_AUTORELEASING = YES;
				CLANG_WARN_BOOL_CONVERSION = YES;
				CLANG_WARN_COMMA = YES;
				CLANG_WARN_CONSTANT_CONVERSION = YES;
				CLANG_WARN_DEPRECATED_OBJC_IMPLEMENTATIONS = YES;
				CLANG_WARN_DIRECT_OBJC_ISA_USAGE = YES_ERROR;
				CLANG_WARN_DOCUMENTATION_COMMENTS = YES;
				CLANG_WARN_EMPTY_BODY = YES;
				CLANG_WARN_ENUM_CONVERSION = YES;
				CLANG_WARN_INFINITE_RECURSION = YES;
				CLANG_WARN_INT_CONVERSION = YES;
				CLANG_WARN_NON_LITERAL_NULL_CONVERSION = YES;
				CLANG_WARN_OBJC_IMPLICIT_RETAIN_SELF = YES;
				CLANG_WARN_OBJC_LITERAL_CONVERSION = YES;
				CLANG_WARN_OBJC_ROOT_CLASS = YES_ERROR;
				CLANG_WARN_QUOTED_INCLUDE_IN_FRAMEWORK_HEADER = YES;
				CLANG_WARN_RANGE_LOOP_ANALYSIS = YES;
				CLANG_WARN_STRICT_PROTOTYPES = YES;
				CLANG_WARN_SUSPICIOUS_MOVE = YES;
				CLANG_WARN_UNGUARDED_AVAILABILITY = YES_AGGRESSIVE;
				CLANG_WARN_UNREACHABLE_CODE = YES;
				CLANG_WARN__DUPLICATE_METHOD_MATCH = YES;
				COPY_PHASE_STRIP = NO;
				DEBUG_INFORMATION_FORMAT = dwarf;
				ENABLE_STRICT_OBJC_MSGSEND = YES;
				ENABLE_TESTABILITY = YES;
				GCC_C_LANGUAGE_STANDARD = gnu11;
				GCC_DYNAMIC_NO_PIC = NO;
				GCC_NO_COMMON_BLOCKS = YES;
				GCC_OPTIMIZATION_LEVEL = 0;
				GCC_PREPROCESSOR_DEFINITIONS = (
					"DEBUG=1",
					"$(inherited)",
				);
				GCC_WARN_64_TO_32_BIT_CONVERSION = YES;
				GCC_WARN_ABOUT_RETURN_TYPE = YES_ERROR;
				GCC_WARN_UNDECLARED_SELECTOR = YES;
				GCC_WARN_UNINITIALIZED_AUTOS = YES_AGGRESSIVE;
				GCC_WARN_UNUSED_FUNCTION = YES;
				GCC_WARN_UNUSED_VARIABLE = YES;
				IPHONEOS_DEPLOYMENT_TARGET = 15.4;
				MTL_ENABLE_DEBUG_INFO = INCLUDE_SOURCE;
				MTL_FAST_MATH = YES;
				ONLY_ACTIVE_ARCH = YES;
				SDKROOT = iphoneos;
				SWIFT_ACTIVE_COMPILATION_CONDITIONS = DEBUG;
				SWIFT_OPTIMIZATION_LEVEL = "-Onone";
			};
			name = Debug;
		};
		7059CB4C286F3141003FC4F0 /* Release */ = {
			isa = XCBuildConfiguration;
			buildSettings = {
				ALWAYS_SEARCH_USER_PATHS = NO;
				CLANG_ANALYZER_NONNULL = YES;
				CLANG_ANALYZER_NUMBER_OBJECT_CONVERSION = YES_AGGRESSIVE;
				CLANG_CXX_LANGUAGE_STANDARD = "gnu++17";
				CLANG_ENABLE_MODULES = YES;
				CLANG_ENABLE_OBJC_ARC = YES;
				CLANG_ENABLE_OBJC_WEAK = YES;
				CLANG_WARN_BLOCK_CAPTURE_AUTORELEASING = YES;
				CLANG_WARN_BOOL_CONVERSION = YES;
				CLANG_WARN_COMMA = YES;
				CLANG_WARN_CONSTANT_CONVERSION = YES;
				CLANG_WARN_DEPRECATED_OBJC_IMPLEMENTATIONS = YES;
				CLANG_WARN_DIRECT_OBJC_ISA_USAGE = YES_ERROR;
				CLANG_WARN_DOCUMENTATION_COMMENTS = YES;
				CLANG_WARN_EMPTY_BODY = YES;
				CLANG_WARN_ENUM_CONVERSION = YES;
				CLANG_WARN_INFINITE_RECURSION = YES;
				CLANG_WARN_INT_CONVERSION = YES;
				CLANG_WARN_NON_LITERAL_NULL_CONVERSION = YES;
				CLANG_WARN_OBJC_IMPLICIT_RETAIN_SELF = YES;
				CLANG_WARN_OBJC_LITERAL_CONVERSION = YES;
				CLANG_WARN_OBJC_ROOT_CLASS = YES_ERROR;
				CLANG_WARN_QUOTED_INCLUDE_IN_FRAMEWORK_HEADER = YES;
				CLANG_WARN_RANGE_LOOP_ANALYSIS = YES;
				CLANG_WARN_STRICT_PROTOTYPES = YES;
				CLANG_WARN_SUSPICIOUS_MOVE = YES;
				CLANG_WARN_UNGUARDED_AVAILABILITY = YES_AGGRESSIVE;
				CLANG_WARN_UNREACHABLE_CODE = YES;
				CLANG_WARN__DUPLICATE_METHOD_MATCH = YES;
				COPY_PHASE_STRIP = NO;
				DEBUG_INFORMATION_FORMAT = "dwarf-with-dsym";
				ENABLE_NS_ASSERTIONS = NO;
				ENABLE_STRICT_OBJC_MSGSEND = YES;
				GCC_C_LANGUAGE_STANDARD = gnu11;
				GCC_NO_COMMON_BLOCKS = YES;
				GCC_WARN_64_TO_32_BIT_CONVERSION = YES;
				GCC_WARN_ABOUT_RETURN_TYPE = YES_ERROR;
				GCC_WARN_UNDECLARED_SELECTOR = YES;
				GCC_WARN_UNINITIALIZED_AUTOS = YES_AGGRESSIVE;
				GCC_WARN_UNUSED_FUNCTION = YES;
				GCC_WARN_UNUSED_VARIABLE = YES;
				IPHONEOS_DEPLOYMENT_TARGET = 15.4;
				MTL_ENABLE_DEBUG_INFO = NO;
				MTL_FAST_MATH = YES;
				SDKROOT = iphoneos;
				SWIFT_COMPILATION_MODE = wholemodule;
				SWIFT_OPTIMIZATION_LEVEL = "-O";
				VALIDATE_PRODUCT = YES;
			};
			name = Release;
		};
		7059CB4E286F3141003FC4F0 /* Debug */ = {
			isa = XCBuildConfiguration;
			baseConfigurationReference = 20D4C77BF7921AF964780E2E /* Pods-chatMe.debug.xcconfig */;
			buildSettings = {
				ASSETCATALOG_COMPILER_APPICON_NAME = AppIcon;
				ASSETCATALOG_COMPILER_GLOBAL_ACCENT_COLOR_NAME = AccentColor;
				CODE_SIGN_STYLE = Automatic;
				CURRENT_PROJECT_VERSION = 1;
				DEVELOPMENT_TEAM = BUV339KR3C;
				GENERATE_INFOPLIST_FILE = YES;
				INFOPLIST_FILE = chatMe/Info.plist;
				INFOPLIST_KEY_UIApplicationSupportsIndirectInputEvents = YES;
				INFOPLIST_KEY_UILaunchStoryboardName = LaunchScreen;
				INFOPLIST_KEY_UIMainStoryboardFile = Main;
				INFOPLIST_KEY_UISupportedInterfaceOrientations_iPad = "UIInterfaceOrientationPortrait UIInterfaceOrientationPortraitUpsideDown UIInterfaceOrientationLandscapeLeft UIInterfaceOrientationLandscapeRight";
				INFOPLIST_KEY_UISupportedInterfaceOrientations_iPhone = "UIInterfaceOrientationPortrait UIInterfaceOrientationLandscapeLeft UIInterfaceOrientationLandscapeRight";
				LD_RUNPATH_SEARCH_PATHS = (
					"$(inherited)",
					"@executable_path/Frameworks",
				);
				MARKETING_VERSION = 1.0;
				PRODUCT_BUNDLE_IDENTIFIER = com.marvel.chatMe;
				PRODUCT_NAME = "$(TARGET_NAME)";
				SWIFT_EMIT_LOC_STRINGS = YES;
				SWIFT_VERSION = 5.0;
				TARGETED_DEVICE_FAMILY = "1,2";
			};
			name = Debug;
		};
		7059CB4F286F3141003FC4F0 /* Release */ = {
			isa = XCBuildConfiguration;
			baseConfigurationReference = DE06D03C16D6D7A97BB2ADDD /* Pods-chatMe.release.xcconfig */;
			buildSettings = {
				ASSETCATALOG_COMPILER_APPICON_NAME = AppIcon;
				ASSETCATALOG_COMPILER_GLOBAL_ACCENT_COLOR_NAME = AccentColor;
				CODE_SIGN_STYLE = Automatic;
				CURRENT_PROJECT_VERSION = 1;
				DEVELOPMENT_TEAM = BUV339KR3C;
				GENERATE_INFOPLIST_FILE = YES;
				INFOPLIST_FILE = chatMe/Info.plist;
				INFOPLIST_KEY_UIApplicationSupportsIndirectInputEvents = YES;
				INFOPLIST_KEY_UILaunchStoryboardName = LaunchScreen;
				INFOPLIST_KEY_UIMainStoryboardFile = Main;
				INFOPLIST_KEY_UISupportedInterfaceOrientations_iPad = "UIInterfaceOrientationPortrait UIInterfaceOrientationPortraitUpsideDown UIInterfaceOrientationLandscapeLeft UIInterfaceOrientationLandscapeRight";
				INFOPLIST_KEY_UISupportedInterfaceOrientations_iPhone = "UIInterfaceOrientationPortrait UIInterfaceOrientationLandscapeLeft UIInterfaceOrientationLandscapeRight";
				LD_RUNPATH_SEARCH_PATHS = (
					"$(inherited)",
					"@executable_path/Frameworks",
				);
				MARKETING_VERSION = 1.0;
				PRODUCT_BUNDLE_IDENTIFIER = com.marvel.chatMe;
				PRODUCT_NAME = "$(TARGET_NAME)";
				SWIFT_EMIT_LOC_STRINGS = YES;
				SWIFT_VERSION = 5.0;
				TARGETED_DEVICE_FAMILY = "1,2";
			};
			name = Release;
		};
/* End XCBuildConfiguration section */

/* Begin XCConfigurationList section */
		7059CB34286F3140003FC4F0 /* Build configuration list for PBXProject "chatMe" */ = {
			isa = XCConfigurationList;
			buildConfigurations = (
				7059CB4B286F3141003FC4F0 /* Debug */,
				7059CB4C286F3141003FC4F0 /* Release */,
			);
			defaultConfigurationIsVisible = 0;
			defaultConfigurationName = Release;
		};
		7059CB4D286F3141003FC4F0 /* Build configuration list for PBXNativeTarget "chatMe" */ = {
			isa = XCConfigurationList;
			buildConfigurations = (
				7059CB4E286F3141003FC4F0 /* Debug */,
				7059CB4F286F3141003FC4F0 /* Release */,
			);
			defaultConfigurationIsVisible = 0;
			defaultConfigurationName = Release;
		};
/* End XCConfigurationList section */
	};
	rootObject = 7059CB31286F3140003FC4F0 /* Project object */;
}
